{
  "name": "prova-spi",
  "version": "1.0.0",
  "lockfileVersion": 1,
  "requires": true,
  "dependencies": {
    "@types/node": {
      "version": "12.0.1",
      "resolved": "https://registry.npmjs.org/@types/node/-/node-12.0.1.tgz",
      "integrity": "sha512-7sy7DKVJrCTbaAERJZq/CU12bzdmpjRr321/Ne9QmzhB3iZ//L16Cizcni5hHNbANxDbxwMb9EFoWkM8KPkp0A=="
    },
    "bindings": {
      "version": "1.5.0",
      "resolved": "https://registry.npmjs.org/bindings/-/bindings-1.5.0.tgz",
      "integrity": "sha512-p2q/t/mhvuOj/UeLlV6566GD/guowlr0hHxClI0W9m7MWYkL1F0hLo+0Aexs9HSPCtR1SXQ0TD3MMKrXZajbiQ==",
      "requires": {
        "file-uri-to-path": "1.0.0"
      }
    },
    "file-uri-to-path": {
      "version": "1.0.0",
      "resolved": "https://registry.npmjs.org/file-uri-to-path/-/file-uri-to-path-1.0.0.tgz",
      "integrity": "sha512-0Zt+s3L7Vf1biwWZ29aARiVYLx7iMGnEUl9x33fbB/j3jR81u/O2LbqK+Bm1CDSNDKVtJ/YjwY7TUd5SkeLQLw=="
    },
    "nan": {
      "version": "2.13.2",
      "resolved": "https://registry.npmjs.org/nan/-/nan-2.13.2.tgz",
      "integrity": "sha512-TghvYc72wlMGMVMluVo9WRJc0mB8KxxF/gZ4YYFy7V2ZQX9l7rgbPg7vjS9mt6U5HXODVFVI2bOduCzwOMv/lw=="
    },
    "pi-spi": {
      "version": "1.0.3",
      "resolved": "https://registry.npmjs.org/pi-spi/-/pi-spi-1.0.3.tgz",
      "integrity": "sha512-dMEJTxWKRj9/pIys0w5d/k5rSRrP1NbOEz2oUqCxoliBlcPZPwaPGstTiV4vCda8Kb0ZYzfWVnUjA9M/HpABBA==",
      "requires": {
        "nan": "^2.3.5"
      }
    },
    "spi-device": {
      "version": "2.0.7",
      "resolved": "https://registry.npmjs.org/spi-device/-/spi-device-2.0.7.tgz",
      "integrity": "sha512-rGiFIx4UXRntF3dqktvfSqc58YjHqLat4dugv7SMlkdZpwNlSOC/wVfNTe+sBa9Esrpdnwbd6Nskq9ru8aDJwg==",
      "requires": {
        "bindings": "^1.5.0",
        "nan": "^2.13.1"
      }
    },
    "typescript": {
      "version": "3.4.5",
      "resolved": "https://registry.npmjs.org/typescript/-/typescript-3.4.5.tgz",
      "integrity": "sha512-YycBxUb49UUhdNMU5aJ7z5Ej2XGmaIBL0x34vZ82fn3hGvD+bgrMrVDpatgz2f7YxUMJxMkbWxJZeAvDxVe7Vw=="
    }
  }
}
